// !$*UTF8*$!
{
	archiveVersion = 1;
	classes = {
	};
	objectVersion = 55;
	objects = {

/* Begin PBXBuildFile section */
		3712E8DB27E9CC800066BCB8 /* PulltoRefreshViewController.swift in Sources */ = {isa = PBXBuildFile; fileRef = 3712E8DA27E9CC800066BCB8 /* PulltoRefreshViewController.swift */; };
		3712E8DD27E9E38C0066BCB8 /* ImagePickerViewController.swift in Sources */ = {isa = PBXBuildFile; fileRef = 3712E8DC27E9E38C0066BCB8 /* ImagePickerViewController.swift */; };
		372EA05F27F6F3CD0041ADE7 /* MainVCCoordinator.swift in Sources */ = {isa = PBXBuildFile; fileRef = 372EA05E27F6F3CD0041ADE7 /* MainVCCoordinator.swift */; };
		374D075827B2302600D4F2C6 /* ThirdViewController.swift in Sources */ = {isa = PBXBuildFile; fileRef = 374D075727B2302600D4F2C6 /* ThirdViewController.swift */; };
		375AF13827EDBB3A006711A1 /* ToolBarViewController.swift in Sources */ = {isa = PBXBuildFile; fileRef = 375AF13727EDBB3A006711A1 /* ToolBarViewController.swift */; };
		3762310527EB260F00E70CB7 /* WKWebViewController.swift in Sources */ = {isa = PBXBuildFile; fileRef = 3762310427EB260F00E70CB7 /* WKWebViewController.swift */; };
		3772A4E827E8370E00BFA75D /* CollectionViewController.swift in Sources */ = {isa = PBXBuildFile; fileRef = 3772A4E727E8370E00BFA75D /* CollectionViewController.swift */; };
		3772A4EA27E8513800BFA75D /* CollectionViewCell.swift in Sources */ = {isa = PBXBuildFile; fileRef = 3772A4E927E8513800BFA75D /* CollectionViewCell.swift */; };
		377E708E27B2A48000D46B6B /* Main.storyboard in Resources */ = {isa = PBXBuildFile; fileRef = 377E708D27B2A48000D46B6B /* Main.storyboard */; };
		37918E5427F43561001F4E54 /* UIFirstStoryboard.storyboard in Resources */ = {isa = PBXBuildFile; fileRef = 37918E5327F43561001F4E54 /* UIFirstStoryboard.storyboard */; };
		37918E5627F449FB001F4E54 /* FirstNavigationViewController.swift in Sources */ = {isa = PBXBuildFile; fileRef = 37918E5527F449FB001F4E54 /* FirstNavigationViewController.swift */; };
		37918E5827F44E24001F4E54 /* NavigationViewController.swift in Sources */ = {isa = PBXBuildFile; fileRef = 37918E5727F44E24001F4E54 /* NavigationViewController.swift */; };
		3795205327E3097300FFEB31 /* TableViewViewController.swift in Sources */ = {isa = PBXBuildFile; fileRef = 3795205227E3097300FFEB31 /* TableViewViewController.swift */; };
		3795205527E3522900FFEB31 /* MovieData.swift in Sources */ = {isa = PBXBuildFile; fileRef = 3795205427E3522900FFEB31 /* MovieData.swift */; };
		3795205727E358D700FFEB31 /* MovieDataViewCell.swift in Sources */ = {isa = PBXBuildFile; fileRef = 3795205627E358D700FFEB31 /* MovieDataViewCell.swift */; };
		379574F527F59CBD003D8DCF /* Coordinator.swift in Sources */ = {isa = PBXBuildFile; fileRef = 379574F427F59CBD003D8DCF /* Coordinator.swift */; };
		379574F727F59EB9003D8DCF /* AppCoordinator.swift in Sources */ = {isa = PBXBuildFile; fileRef = 379574F627F59EB9003D8DCF /* AppCoordinator.swift */; };
		379574F927F5A29D003D8DCF /* FirstVCCoordinator.swift in Sources */ = {isa = PBXBuildFile; fileRef = 379574F827F5A29D003D8DCF /* FirstVCCoordinator.swift */; };
		379574FB27F5A696003D8DCF /* SecondViewController.swift in Sources */ = {isa = PBXBuildFile; fileRef = 379574FA27F5A696003D8DCF /* SecondViewController.swift */; };
		379574FD27F5A985003D8DCF /* SecondVCCoordinator.swift in Sources */ = {isa = PBXBuildFile; fileRef = 379574FC27F5A985003D8DCF /* SecondVCCoordinator.swift */; };
		37B7D1852786BB0100E59101 /* AppDelegate.swift in Sources */ = {isa = PBXBuildFile; fileRef = 37B7D1842786BB0100E59101 /* AppDelegate.swift */; };
		37B7D1872786BB0100E59101 /* SceneDelegate.swift in Sources */ = {isa = PBXBuildFile; fileRef = 37B7D1862786BB0100E59101 /* SceneDelegate.swift */; };
		37B7D1892786BB0100E59101 /* ViewController.swift in Sources */ = {isa = PBXBuildFile; fileRef = 37B7D1882786BB0100E59101 /* ViewController.swift */; };
		37B7D18E2786BB0200E59101 /* Assets.xcassets in Resources */ = {isa = PBXBuildFile; fileRef = 37B7D18D2786BB0200E59101 /* Assets.xcassets */; };
		37B7D1912786BB0200E59101 /* LaunchScreen.storyboard in Resources */ = {isa = PBXBuildFile; fileRef = 37B7D18F2786BB0200E59101 /* LaunchScreen.storyboard */; };
		37B7D19C2786BB0200E59101 /* IOS_AppTests.swift in Sources */ = {isa = PBXBuildFile; fileRef = 37B7D19B2786BB0200E59101 /* IOS_AppTests.swift */; };
		37B7D1A62786BB0200E59101 /* IOS_AppUITests.swift in Sources */ = {isa = PBXBuildFile; fileRef = 37B7D1A52786BB0200E59101 /* IOS_AppUITests.swift */; };
		37B7D1A82786BB0200E59101 /* IOS_AppUITestsLaunchTests.swift in Sources */ = {isa = PBXBuildFile; fileRef = 37B7D1A72786BB0200E59101 /* IOS_AppUITestsLaunchTests.swift */; };
		37BB7E9D27E0927B0030B132 /* SliderViewController.swift in Sources */ = {isa = PBXBuildFile; fileRef = 37BB7E9C27E0927B0030B132 /* SliderViewController.swift */; };
		37BB7E9F27E0BE8E0030B132 /* segmentViewController.swift in Sources */ = {isa = PBXBuildFile; fileRef = 37BB7E9E27E0BE8E0030B132 /* segmentViewController.swift */; };
		37CC01BD27EB113400424A42 /* ActivityIndicatorViewController.swift in Sources */ = {isa = PBXBuildFile; fileRef = 37CC01BC27EB113400424A42 /* ActivityIndicatorViewController.swift */; };
		37F9A97A27F1974D000CDEDA /* DatePickerViewController.swift in Sources */ = {isa = PBXBuildFile; fileRef = 37F9A97927F1974D000CDEDA /* DatePickerViewController.swift */; };
		37F9A97C27F1CD09000CDEDA /* MapViewController.swift in Sources */ = {isa = PBXBuildFile; fileRef = 37F9A97B27F1CD09000CDEDA /* MapViewController.swift */; };
		43D18E8C35E42106F60BA0D4 /* Pods_IOS_App.framework in Frameworks */ = {isa = PBXBuildFile; fileRef = F6BF16FE0E236B3F1CCC1765 /* Pods_IOS_App.framework */; };
		90041BD82380B3F90ACAAD98 /* Pods_IOS_AppTests.framework in Frameworks */ = {isa = PBXBuildFile; fileRef = 96DBD1BDF175025053E10C8A /* Pods_IOS_AppTests.framework */; };
		B8E245191F121181969FF257 /* Pods_IOS_App_IOS_AppUITests.framework in Frameworks */ = {isa = PBXBuildFile; fileRef = CB68A14EE2BD8E7E6EA34624 /* Pods_IOS_App_IOS_AppUITests.framework */; };
/* End PBXBuildFile section */

/* Begin PBXContainerItemProxy section */
		37B7D1982786BB0200E59101 /* PBXContainerItemProxy */ = {
			isa = PBXContainerItemProxy;
			containerPortal = 37B7D1792786BB0100E59101 /* Project object */;
			proxyType = 1;
			remoteGlobalIDString = 37B7D1802786BB0100E59101;
			remoteInfo = "IOS App";
		};
		37B7D1A22786BB0200E59101 /* PBXContainerItemProxy */ = {
			isa = PBXContainerItemProxy;
			containerPortal = 37B7D1792786BB0100E59101 /* Project object */;
			proxyType = 1;
			remoteGlobalIDString = 37B7D1802786BB0100E59101;
			remoteInfo = "IOS App";
		};
/* End PBXContainerItemProxy section */

/* Begin PBXFileReference section */
		23BCF034571F8DDCA2767DB1 /* Pods-IOS AppTests.debug.xcconfig */ = {isa = PBXFileReference; includeInIndex = 1; lastKnownFileType = text.xcconfig; name = "Pods-IOS AppTests.debug.xcconfig"; path = "Target Support Files/Pods-IOS AppTests/Pods-IOS AppTests.debug.xcconfig"; sourceTree = "<group>"; };
		3712E8DA27E9CC800066BCB8 /* PulltoRefreshViewController.swift */ = {isa = PBXFileReference; lastKnownFileType = sourcecode.swift; path = PulltoRefreshViewController.swift; sourceTree = "<group>"; };
		3712E8DC27E9E38C0066BCB8 /* ImagePickerViewController.swift */ = {isa = PBXFileReference; lastKnownFileType = sourcecode.swift; path = ImagePickerViewController.swift; sourceTree = "<group>"; };
		372EA05E27F6F3CD0041ADE7 /* MainVCCoordinator.swift */ = {isa = PBXFileReference; lastKnownFileType = sourcecode.swift; path = MainVCCoordinator.swift; sourceTree = "<group>"; };
		374D075727B2302600D4F2C6 /* ThirdViewController.swift */ = {isa = PBXFileReference; fileEncoding = 4; lastKnownFileType = sourcecode.swift; path = ThirdViewController.swift; sourceTree = SOURCE_ROOT; };
		375AF13727EDBB3A006711A1 /* ToolBarViewController.swift */ = {isa = PBXFileReference; lastKnownFileType = sourcecode.swift; path = ToolBarViewController.swift; sourceTree = "<group>"; };
		3762310427EB260F00E70CB7 /* WKWebViewController.swift */ = {isa = PBXFileReference; lastKnownFileType = sourcecode.swift; path = WKWebViewController.swift; sourceTree = "<group>"; };
		3772A4E727E8370E00BFA75D /* CollectionViewController.swift */ = {isa = PBXFileReference; lastKnownFileType = sourcecode.swift; path = CollectionViewController.swift; sourceTree = "<group>"; };
		3772A4E927E8513800BFA75D /* CollectionViewCell.swift */ = {isa = PBXFileReference; lastKnownFileType = sourcecode.swift; path = CollectionViewCell.swift; sourceTree = "<group>"; };
		377E708D27B2A48000D46B6B /* Main.storyboard */ = {isa = PBXFileReference; fileEncoding = 4; lastKnownFileType = file.storyboard; path = Main.storyboard; sourceTree = "<group>"; };
		37918E5327F43561001F4E54 /* UIFirstStoryboard.storyboard */ = {isa = PBXFileReference; lastKnownFileType = file.storyboard; path = UIFirstStoryboard.storyboard; sourceTree = "<group>"; };
		37918E5527F449FB001F4E54 /* FirstNavigationViewController.swift */ = {isa = PBXFileReference; lastKnownFileType = sourcecode.swift; path = FirstNavigationViewController.swift; sourceTree = "<group>"; };
		37918E5727F44E24001F4E54 /* NavigationViewController.swift */ = {isa = PBXFileReference; lastKnownFileType = sourcecode.swift; path = NavigationViewController.swift; sourceTree = "<group>"; };
		3795205227E3097300FFEB31 /* TableViewViewController.swift */ = {isa = PBXFileReference; lastKnownFileType = sourcecode.swift; path = TableViewViewController.swift; sourceTree = "<group>"; };
		3795205427E3522900FFEB31 /* MovieData.swift */ = {isa = PBXFileReference; lastKnownFileType = sourcecode.swift; path = MovieData.swift; sourceTree = "<group>"; };
		3795205627E358D700FFEB31 /* MovieDataViewCell.swift */ = {isa = PBXFileReference; lastKnownFileType = sourcecode.swift; path = MovieDataViewCell.swift; sourceTree = "<group>"; };
		379574F427F59CBD003D8DCF /* Coordinator.swift */ = {isa = PBXFileReference; lastKnownFileType = sourcecode.swift; path = Coordinator.swift; sourceTree = "<group>"; };
		379574F627F59EB9003D8DCF /* AppCoordinator.swift */ = {isa = PBXFileReference; lastKnownFileType = sourcecode.swift; path = AppCoordinator.swift; sourceTree = "<group>"; };
		379574F827F5A29D003D8DCF /* FirstVCCoordinator.swift */ = {isa = PBXFileReference; lastKnownFileType = sourcecode.swift; path = FirstVCCoordinator.swift; sourceTree = "<group>"; };
		379574FA27F5A696003D8DCF /* SecondViewController.swift */ = {isa = PBXFileReference; lastKnownFileType = sourcecode.swift; path = SecondViewController.swift; sourceTree = "<group>"; };
		379574FC27F5A985003D8DCF /* SecondVCCoordinator.swift */ = {isa = PBXFileReference; lastKnownFileType = sourcecode.swift; path = SecondVCCoordinator.swift; sourceTree = "<group>"; };
		37B7D1812786BB0100E59101 /* IOS App.app */ = {isa = PBXFileReference; explicitFileType = wrapper.application; includeInIndex = 0; path = "IOS App.app"; sourceTree = BUILT_PRODUCTS_DIR; };
		37B7D1842786BB0100E59101 /* AppDelegate.swift */ = {isa = PBXFileReference; lastKnownFileType = sourcecode.swift; path = AppDelegate.swift; sourceTree = "<group>"; };
		37B7D1862786BB0100E59101 /* SceneDelegate.swift */ = {isa = PBXFileReference; lastKnownFileType = sourcecode.swift; path = SceneDelegate.swift; sourceTree = "<group>"; };
		37B7D1882786BB0100E59101 /* ViewController.swift */ = {isa = PBXFileReference; lastKnownFileType = sourcecode.swift; path = ViewController.swift; sourceTree = "<group>"; };
		37B7D18D2786BB0200E59101 /* Assets.xcassets */ = {isa = PBXFileReference; lastKnownFileType = folder.assetcatalog; path = Assets.xcassets; sourceTree = "<group>"; };
		37B7D1902786BB0200E59101 /* Base */ = {isa = PBXFileReference; lastKnownFileType = file.storyboard; name = Base; path = Base.lproj/LaunchScreen.storyboard; sourceTree = "<group>"; };
		37B7D1922786BB0200E59101 /* Info.plist */ = {isa = PBXFileReference; lastKnownFileType = text.plist.xml; path = Info.plist; sourceTree = "<group>"; };
		37B7D1972786BB0200E59101 /* IOS AppTests.xctest */ = {isa = PBXFileReference; explicitFileType = wrapper.cfbundle; includeInIndex = 0; path = "IOS AppTests.xctest"; sourceTree = BUILT_PRODUCTS_DIR; };
		37B7D19B2786BB0200E59101 /* IOS_AppTests.swift */ = {isa = PBXFileReference; lastKnownFileType = sourcecode.swift; path = IOS_AppTests.swift; sourceTree = "<group>"; };
		37B7D1A12786BB0200E59101 /* IOS AppUITests.xctest */ = {isa = PBXFileReference; explicitFileType = wrapper.cfbundle; includeInIndex = 0; path = "IOS AppUITests.xctest"; sourceTree = BUILT_PRODUCTS_DIR; };
		37B7D1A52786BB0200E59101 /* IOS_AppUITests.swift */ = {isa = PBXFileReference; lastKnownFileType = sourcecode.swift; path = IOS_AppUITests.swift; sourceTree = "<group>"; };
		37B7D1A72786BB0200E59101 /* IOS_AppUITestsLaunchTests.swift */ = {isa = PBXFileReference; lastKnownFileType = sourcecode.swift; path = IOS_AppUITestsLaunchTests.swift; sourceTree = "<group>"; };
		37BB7E9C27E0927B0030B132 /* SliderViewController.swift */ = {isa = PBXFileReference; lastKnownFileType = sourcecode.swift; path = SliderViewController.swift; sourceTree = "<group>"; };
		37BB7E9E27E0BE8E0030B132 /* segmentViewController.swift */ = {isa = PBXFileReference; lastKnownFileType = sourcecode.swift; path = segmentViewController.swift; sourceTree = "<group>"; };
		37CC01BC27EB113400424A42 /* ActivityIndicatorViewController.swift */ = {isa = PBXFileReference; lastKnownFileType = sourcecode.swift; path = ActivityIndicatorViewController.swift; sourceTree = "<group>"; };
		37F9A97927F1974D000CDEDA /* DatePickerViewController.swift */ = {isa = PBXFileReference; lastKnownFileType = sourcecode.swift; path = DatePickerViewController.swift; sourceTree = "<group>"; };
		37F9A97B27F1CD09000CDEDA /* MapViewController.swift */ = {isa = PBXFileReference; lastKnownFileType = sourcecode.swift; path = MapViewController.swift; sourceTree = "<group>"; };
		40F3065617F4018C00952D77 /* Pods-IOS App-IOS AppUITests.debug.xcconfig */ = {isa = PBXFileReference; includeInIndex = 1; lastKnownFileType = text.xcconfig; name = "Pods-IOS App-IOS AppUITests.debug.xcconfig"; path = "Target Support Files/Pods-IOS App-IOS AppUITests/Pods-IOS App-IOS AppUITests.debug.xcconfig"; sourceTree = "<group>"; };
		84968E7065F8A8D456FBC112 /* Pods-IOS App-IOS AppUITests.release.xcconfig */ = {isa = PBXFileReference; includeInIndex = 1; lastKnownFileType = text.xcconfig; name = "Pods-IOS App-IOS AppUITests.release.xcconfig"; path = "Target Support Files/Pods-IOS App-IOS AppUITests/Pods-IOS App-IOS AppUITests.release.xcconfig"; sourceTree = "<group>"; };
		8BD38E454EFF55056985253C /* Pods-IOS App.release.xcconfig */ = {isa = PBXFileReference; includeInIndex = 1; lastKnownFileType = text.xcconfig; name = "Pods-IOS App.release.xcconfig"; path = "Target Support Files/Pods-IOS App/Pods-IOS App.release.xcconfig"; sourceTree = "<group>"; };
		96DBD1BDF175025053E10C8A /* Pods_IOS_AppTests.framework */ = {isa = PBXFileReference; explicitFileType = wrapper.framework; includeInIndex = 0; path = Pods_IOS_AppTests.framework; sourceTree = BUILT_PRODUCTS_DIR; };
		CB68A14EE2BD8E7E6EA34624 /* Pods_IOS_App_IOS_AppUITests.framework */ = {isa = PBXFileReference; explicitFileType = wrapper.framework; includeInIndex = 0; path = Pods_IOS_App_IOS_AppUITests.framework; sourceTree = BUILT_PRODUCTS_DIR; };
		CD205232BDD098C8F7E658D3 /* Pods-IOS AppTests.release.xcconfig */ = {isa = PBXFileReference; includeInIndex = 1; lastKnownFileType = text.xcconfig; name = "Pods-IOS AppTests.release.xcconfig"; path = "Target Support Files/Pods-IOS AppTests/Pods-IOS AppTests.release.xcconfig"; sourceTree = "<group>"; };
		EE86EBF7B5EBEFD6816B5207 /* Pods-IOS App.debug.xcconfig */ = {isa = PBXFileReference; includeInIndex = 1; lastKnownFileType = text.xcconfig; name = "Pods-IOS App.debug.xcconfig"; path = "Target Support Files/Pods-IOS App/Pods-IOS App.debug.xcconfig"; sourceTree = "<group>"; };
		F6BF16FE0E236B3F1CCC1765 /* Pods_IOS_App.framework */ = {isa = PBXFileReference; explicitFileType = wrapper.framework; includeInIndex = 0; path = Pods_IOS_App.framework; sourceTree = BUILT_PRODUCTS_DIR; };
/* End PBXFileReference section */

/* Begin PBXFrameworksBuildPhase section */
		37B7D17E2786BB0100E59101 /* Frameworks */ = {
			isa = PBXFrameworksBuildPhase;
			buildActionMask = 2147483647;
			files = (
				43D18E8C35E42106F60BA0D4 /* Pods_IOS_App.framework in Frameworks */,
			);
			runOnlyForDeploymentPostprocessing = 0;
		};
		37B7D1942786BB0200E59101 /* Frameworks */ = {
			isa = PBXFrameworksBuildPhase;
			buildActionMask = 2147483647;
			files = (
				90041BD82380B3F90ACAAD98 /* Pods_IOS_AppTests.framework in Frameworks */,
			);
			runOnlyForDeploymentPostprocessing = 0;
		};
		37B7D19E2786BB0200E59101 /* Frameworks */ = {
			isa = PBXFrameworksBuildPhase;
			buildActionMask = 2147483647;
			files = (
				B8E245191F121181969FF257 /* Pods_IOS_App_IOS_AppUITests.framework in Frameworks */,
			);
			runOnlyForDeploymentPostprocessing = 0;
		};
/* End PBXFrameworksBuildPhase section */

/* Begin PBXGroup section */
		37918E4E27F41264001F4E54 /* MapView */ = {
			isa = PBXGroup;
			children = (
				37F9A97B27F1CD09000CDEDA /* MapViewController.swift */,
				37F9A97927F1974D000CDEDA /* DatePickerViewController.swift */,
			);
			path = MapView;
			sourceTree = "<group>";
		};
		37918E4F27F41283001F4E54 /* TableView */ = {
			isa = PBXGroup;
			children = (
				3795205227E3097300FFEB31 /* TableViewViewController.swift */,
				3795205427E3522900FFEB31 /* MovieData.swift */,
			);
			path = TableView;
			sourceTree = "<group>";
		};
		37918E5127F4135C001F4E54 /* CollectionView */ = {
			isa = PBXGroup;
			children = (
				3772A4E927E8513800BFA75D /* CollectionViewCell.swift */,
				3772A4E727E8370E00BFA75D /* CollectionViewController.swift */,
				3795205627E358D700FFEB31 /* MovieDataViewCell.swift */,
			);
			path = CollectionView;
			sourceTree = "<group>";
		};
		37918E5227F4350F001F4E54 /* UINavigationController */ = {
			isa = PBXGroup;
			children = (
				37918E5327F43561001F4E54 /* UIFirstStoryboard.storyboard */,
				37918E5527F449FB001F4E54 /* FirstNavigationViewController.swift */,
				37918E5727F44E24001F4E54 /* NavigationViewController.swift */,
			);
			path = UINavigationController;
			sourceTree = "<group>";
		};
		379574F327F59CA5003D8DCF /* Coordinator */ = {
			isa = PBXGroup;
			children = (
				372EA05E27F6F3CD0041ADE7 /* MainVCCoordinator.swift */,
				379574F427F59CBD003D8DCF /* Coordinator.swift */,
				379574F627F59EB9003D8DCF /* AppCoordinator.swift */,
				379574F827F5A29D003D8DCF /* FirstVCCoordinator.swift */,
				379574FA27F5A696003D8DCF /* SecondViewController.swift */,
				379574FC27F5A985003D8DCF /* SecondVCCoordinator.swift */,
			);
			path = Coordinator;
			sourceTree = "<group>";
		};
		37B7D1782786BB0100E59101 = {
			isa = PBXGroup;
			children = (
				37B7D1832786BB0100E59101 /* IOS App */,
				37B7D19A2786BB0200E59101 /* IOS AppTests */,
				37B7D1A42786BB0200E59101 /* IOS AppUITests */,
				37B7D1822786BB0100E59101 /* Products */,
				DCEE3053417B3157D9287B61 /* Pods */,
				655DB6A1F16A28D3DC44DF69 /* Frameworks */,
			);
			sourceTree = "<group>";
		};
		37B7D1822786BB0100E59101 /* Products */ = {
			isa = PBXGroup;
			children = (
				37B7D1812786BB0100E59101 /* IOS App.app */,
				37B7D1972786BB0200E59101 /* IOS AppTests.xctest */,
				37B7D1A12786BB0200E59101 /* IOS AppUITests.xctest */,
			);
			name = Products;
			sourceTree = "<group>";
		};
		37B7D1832786BB0100E59101 /* IOS App */ = {
			isa = PBXGroup;
			children = (
				379574F327F59CA5003D8DCF /* Coordinator */,
				37918E5127F4135C001F4E54 /* CollectionView */,
				37918E5227F4350F001F4E54 /* UINavigationController */,
				37918E4F27F41283001F4E54 /* TableView */,
				37918E4E27F41264001F4E54 /* MapView */,
				374D075727B2302600D4F2C6 /* ThirdViewController.swift */,
				37B7D1842786BB0100E59101 /* AppDelegate.swift */,
				37B7D1862786BB0100E59101 /* SceneDelegate.swift */,
				37B7D1882786BB0100E59101 /* ViewController.swift */,
				37B7D18D2786BB0200E59101 /* Assets.xcassets */,
				377E708D27B2A48000D46B6B /* Main.storyboard */,
				37B7D18F2786BB0200E59101 /* LaunchScreen.storyboard */,
				37B7D1922786BB0200E59101 /* Info.plist */,
				37BB7E9C27E0927B0030B132 /* SliderViewController.swift */,
				37BB7E9E27E0BE8E0030B132 /* segmentViewController.swift */,
				3712E8DA27E9CC800066BCB8 /* PulltoRefreshViewController.swift */,
				3712E8DC27E9E38C0066BCB8 /* ImagePickerViewController.swift */,
				37CC01BC27EB113400424A42 /* ActivityIndicatorViewController.swift */,
				3762310427EB260F00E70CB7 /* WKWebViewController.swift */,
				375AF13727EDBB3A006711A1 /* ToolBarViewController.swift */,
			);
			path = "IOS App";
			sourceTree = "<group>";
		};
		37B7D19A2786BB0200E59101 /* IOS AppTests */ = {
			isa = PBXGroup;
			children = (
				37B7D19B2786BB0200E59101 /* IOS_AppTests.swift */,
			);
			path = "IOS AppTests";
			sourceTree = "<group>";
		};
		37B7D1A42786BB0200E59101 /* IOS AppUITests */ = {
			isa = PBXGroup;
			children = (
				37B7D1A52786BB0200E59101 /* IOS_AppUITests.swift */,
				37B7D1A72786BB0200E59101 /* IOS_AppUITestsLaunchTests.swift */,
			);
			path = "IOS AppUITests";
			sourceTree = "<group>";
		};
		655DB6A1F16A28D3DC44DF69 /* Frameworks */ = {
			isa = PBXGroup;
			children = (
				F6BF16FE0E236B3F1CCC1765 /* Pods_IOS_App.framework */,
				CB68A14EE2BD8E7E6EA34624 /* Pods_IOS_App_IOS_AppUITests.framework */,
				96DBD1BDF175025053E10C8A /* Pods_IOS_AppTests.framework */,
			);
			name = Frameworks;
			sourceTree = "<group>";
		};
		DCEE3053417B3157D9287B61 /* Pods */ = {
			isa = PBXGroup;
			children = (
				EE86EBF7B5EBEFD6816B5207 /* Pods-IOS App.debug.xcconfig */,
				8BD38E454EFF55056985253C /* Pods-IOS App.release.xcconfig */,
				40F3065617F4018C00952D77 /* Pods-IOS App-IOS AppUITests.debug.xcconfig */,
				84968E7065F8A8D456FBC112 /* Pods-IOS App-IOS AppUITests.release.xcconfig */,
				23BCF034571F8DDCA2767DB1 /* Pods-IOS AppTests.debug.xcconfig */,
				CD205232BDD098C8F7E658D3 /* Pods-IOS AppTests.release.xcconfig */,
			);
			path = Pods;
			sourceTree = "<group>";
		};
/* End PBXGroup section */

/* Begin PBXNativeTarget section */
		37B7D1802786BB0100E59101 /* IOS App */ = {
			isa = PBXNativeTarget;
			buildConfigurationList = 37B7D1AB2786BB0200E59101 /* Build configuration list for PBXNativeTarget "IOS App" */;
			buildPhases = (
				855B290B93E8CD46D9235A42 /* [CP] Check Pods Manifest.lock */,
				37B7D17D2786BB0100E59101 /* Sources */,
				37B7D17E2786BB0100E59101 /* Frameworks */,
				37B7D17F2786BB0100E59101 /* Resources */,
				14DD1928365BB6F1BCBA34BE /* [CP] Embed Pods Frameworks */,
			);
			buildRules = (
			);
			dependencies = (
			);
			name = "IOS App";
			productName = "IOS App";
			productReference = 37B7D1812786BB0100E59101 /* IOS App.app */;
			productType = "com.apple.product-type.application";
		};
		37B7D1962786BB0200E59101 /* IOS AppTests */ = {
			isa = PBXNativeTarget;
			buildConfigurationList = 37B7D1AE2786BB0200E59101 /* Build configuration list for PBXNativeTarget "IOS AppTests" */;
			buildPhases = (
				7EDF3DEA94A59F405620B622 /* [CP] Check Pods Manifest.lock */,
				37B7D1932786BB0200E59101 /* Sources */,
				37B7D1942786BB0200E59101 /* Frameworks */,
				37B7D1952786BB0200E59101 /* Resources */,
			);
			buildRules = (
			);
			dependencies = (
				37B7D1992786BB0200E59101 /* PBXTargetDependency */,
			);
			name = "IOS AppTests";
			productName = "IOS AppTests";
			productReference = 37B7D1972786BB0200E59101 /* IOS AppTests.xctest */;
			productType = "com.apple.product-type.bundle.unit-test";
		};
		37B7D1A02786BB0200E59101 /* IOS AppUITests */ = {
			isa = PBXNativeTarget;
			buildConfigurationList = 37B7D1B12786BB0200E59101 /* Build configuration list for PBXNativeTarget "IOS AppUITests" */;
			buildPhases = (
				60B0FA98141030A62422DC52 /* [CP] Check Pods Manifest.lock */,
				37B7D19D2786BB0200E59101 /* Sources */,
				37B7D19E2786BB0200E59101 /* Frameworks */,
				37B7D19F2786BB0200E59101 /* Resources */,
				41A7A7471C63040AA36025CB /* [CP] Embed Pods Frameworks */,
			);
			buildRules = (
			);
			dependencies = (
				37B7D1A32786BB0200E59101 /* PBXTargetDependency */,
			);
			name = "IOS AppUITests";
			productName = "IOS AppUITests";
			productReference = 37B7D1A12786BB0200E59101 /* IOS AppUITests.xctest */;
			productType = "com.apple.product-type.bundle.ui-testing";
		};
/* End PBXNativeTarget section */

/* Begin PBXProject section */
		37B7D1792786BB0100E59101 /* Project object */ = {
			isa = PBXProject;
			attributes = {
				BuildIndependentTargetsInParallel = 1;
				LastSwiftUpdateCheck = 1310;
				LastUpgradeCheck = 1310;
				TargetAttributes = {
					37B7D1802786BB0100E59101 = {
						CreatedOnToolsVersion = 13.1;
					};
					37B7D1962786BB0200E59101 = {
						CreatedOnToolsVersion = 13.1;
						TestTargetID = 37B7D1802786BB0100E59101;
					};
					37B7D1A02786BB0200E59101 = {
						CreatedOnToolsVersion = 13.1;
						TestTargetID = 37B7D1802786BB0100E59101;
					};
				};
			};
			buildConfigurationList = 37B7D17C2786BB0100E59101 /* Build configuration list for PBXProject "IOS App" */;
			compatibilityVersion = "Xcode 13.0";
			developmentRegion = en;
			hasScannedForEncodings = 0;
			knownRegions = (
				en,
				Base,
			);
			mainGroup = 37B7D1782786BB0100E59101;
			productRefGroup = 37B7D1822786BB0100E59101 /* Products */;
			projectDirPath = "";
			projectRoot = "";
			targets = (
				37B7D1802786BB0100E59101 /* IOS App */,
				37B7D1962786BB0200E59101 /* IOS AppTests */,
				37B7D1A02786BB0200E59101 /* IOS AppUITests */,
			);
		};
/* End PBXProject section */

/* Begin PBXResourcesBuildPhase section */
		37B7D17F2786BB0100E59101 /* Resources */ = {
			isa = PBXResourcesBuildPhase;
			buildActionMask = 2147483647;
			files = (
				377E708E27B2A48000D46B6B /* Main.storyboard in Resources */,
				37B7D1912786BB0200E59101 /* LaunchScreen.storyboard in Resources */,
				37918E5427F43561001F4E54 /* UIFirstStoryboard.storyboard in Resources */,
				37B7D18E2786BB0200E59101 /* Assets.xcassets in Resources */,
			);
			runOnlyForDeploymentPostprocessing = 0;
		};
		37B7D1952786BB0200E59101 /* Resources */ = {
			isa = PBXResourcesBuildPhase;
			buildActionMask = 2147483647;
			files = (
			);
			runOnlyForDeploymentPostprocessing = 0;
		};
		37B7D19F2786BB0200E59101 /* Resources */ = {
			isa = PBXResourcesBuildPhase;
			buildActionMask = 2147483647;
			files = (
			);
			runOnlyForDeploymentPostprocessing = 0;
		};
/* End PBXResourcesBuildPhase section */

/* Begin PBXShellScriptBuildPhase section */
		14DD1928365BB6F1BCBA34BE /* [CP] Embed Pods Frameworks */ = {
			isa = PBXShellScriptBuildPhase;
			buildActionMask = 2147483647;
			files = (
			);
			inputFileListPaths = (
				"${PODS_ROOT}/Target Support Files/Pods-IOS App/Pods-IOS App-frameworks-${CONFIGURATION}-input-files.xcfilelist",
			);
			name = "[CP] Embed Pods Frameworks";
			outputFileListPaths = (
				"${PODS_ROOT}/Target Support Files/Pods-IOS App/Pods-IOS App-frameworks-${CONFIGURATION}-output-files.xcfilelist",
			);
			runOnlyForDeploymentPostprocessing = 0;
			shellPath = /bin/sh;
			shellScript = "\"${PODS_ROOT}/Target Support Files/Pods-IOS App/Pods-IOS App-frameworks.sh\"\n";
			showEnvVarsInLog = 0;
		};
		41A7A7471C63040AA36025CB /* [CP] Embed Pods Frameworks */ = {
			isa = PBXShellScriptBuildPhase;
			buildActionMask = 2147483647;
			files = (
			);
			inputFileListPaths = (
				"${PODS_ROOT}/Target Support Files/Pods-IOS App-IOS AppUITests/Pods-IOS App-IOS AppUITests-frameworks-${CONFIGURATION}-input-files.xcfilelist",
			);
			name = "[CP] Embed Pods Frameworks";
			outputFileListPaths = (
				"${PODS_ROOT}/Target Support Files/Pods-IOS App-IOS AppUITests/Pods-IOS App-IOS AppUITests-frameworks-${CONFIGURATION}-output-files.xcfilelist",
			);
			runOnlyForDeploymentPostprocessing = 0;
			shellPath = /bin/sh;
			shellScript = "\"${PODS_ROOT}/Target Support Files/Pods-IOS App-IOS AppUITests/Pods-IOS App-IOS AppUITests-frameworks.sh\"\n";
			showEnvVarsInLog = 0;
		};
		60B0FA98141030A62422DC52 /* [CP] Check Pods Manifest.lock */ = {
			isa = PBXShellScriptBuildPhase;
			buildActionMask = 2147483647;
			files = (
			);
			inputFileListPaths = (
			);
			inputPaths = (
				"${PODS_PODFILE_DIR_PATH}/Podfile.lock",
				"${PODS_ROOT}/Manifest.lock",
			);
			name = "[CP] Check Pods Manifest.lock";
			outputFileListPaths = (
			);
			outputPaths = (
				"$(DERIVED_FILE_DIR)/Pods-IOS App-IOS AppUITests-checkManifestLockResult.txt",
			);
			runOnlyForDeploymentPostprocessing = 0;
			shellPath = /bin/sh;
			shellScript = "diff \"${PODS_PODFILE_DIR_PATH}/Podfile.lock\" \"${PODS_ROOT}/Manifest.lock\" > /dev/null\nif [ $? != 0 ] ; then\n    # print error to STDERR\n    echo \"error: The sandbox is not in sync with the Podfile.lock. Run 'pod install' or update your CocoaPods installation.\" >&2\n    exit 1\nfi\n# This output is used by Xcode 'outputs' to avoid re-running this script phase.\necho \"SUCCESS\" > \"${SCRIPT_OUTPUT_FILE_0}\"\n";
			showEnvVarsInLog = 0;
		};
		7EDF3DEA94A59F405620B622 /* [CP] Check Pods Manifest.lock */ = {
			isa = PBXShellScriptBuildPhase;
			buildActionMask = 2147483647;
			files = (
			);
			inputFileListPaths = (
			);
			inputPaths = (
				"${PODS_PODFILE_DIR_PATH}/Podfile.lock",
				"${PODS_ROOT}/Manifest.lock",
			);
			name = "[CP] Check Pods Manifest.lock";
			outputFileListPaths = (
			);
			outputPaths = (
				"$(DERIVED_FILE_DIR)/Pods-IOS AppTests-checkManifestLockResult.txt",
			);
			runOnlyForDeploymentPostprocessing = 0;
			shellPath = /bin/sh;
			shellScript = "diff \"${PODS_PODFILE_DIR_PATH}/Podfile.lock\" \"${PODS_ROOT}/Manifest.lock\" > /dev/null\nif [ $? != 0 ] ; then\n    # print error to STDERR\n    echo \"error: The sandbox is not in sync with the Podfile.lock. Run 'pod install' or update your CocoaPods installation.\" >&2\n    exit 1\nfi\n# This output is used by Xcode 'outputs' to avoid re-running this script phase.\necho \"SUCCESS\" > \"${SCRIPT_OUTPUT_FILE_0}\"\n";
			showEnvVarsInLog = 0;
		};
		855B290B93E8CD46D9235A42 /* [CP] Check Pods Manifest.lock */ = {
			isa = PBXShellScriptBuildPhase;
			buildActionMask = 2147483647;
			files = (
			);
			inputFileListPaths = (
			);
			inputPaths = (
				"${PODS_PODFILE_DIR_PATH}/Podfile.lock",
				"${PODS_ROOT}/Manifest.lock",
			);
			name = "[CP] Check Pods Manifest.lock";
			outputFileListPaths = (
			);
			outputPaths = (
				"$(DERIVED_FILE_DIR)/Pods-IOS App-checkManifestLockResult.txt",
			);
			runOnlyForDeploymentPostprocessing = 0;
			shellPath = /bin/sh;
			shellScript = "diff \"${PODS_PODFILE_DIR_PATH}/Podfile.lock\" \"${PODS_ROOT}/Manifest.lock\" > /dev/null\nif [ $? != 0 ] ; then\n    # print error to STDERR\n    echo \"error: The sandbox is not in sync with the Podfile.lock. Run 'pod install' or update your CocoaPods installation.\" >&2\n    exit 1\nfi\n# This output is used by Xcode 'outputs' to avoid re-running this script phase.\necho \"SUCCESS\" > \"${SCRIPT_OUTPUT_FILE_0}\"\n";
			showEnvVarsInLog = 0;
		};
/* End PBXShellScriptBuildPhase section */

/* Begin PBXSourcesBuildPhase section */
		37B7D17D2786BB0100E59101 /* Sources */ = {
			isa = PBXSourcesBuildPhase;
			buildActionMask = 2147483647;
			files = (
				379574FB27F5A696003D8DCF /* SecondViewController.swift in Sources */,
				379574F727F59EB9003D8DCF /* AppCoordinator.swift in Sources */,
				3762310527EB260F00E70CB7 /* WKWebViewController.swift in Sources */,
				379574FD27F5A985003D8DCF /* SecondVCCoordinator.swift in Sources */,
				37B7D1892786BB0100E59101 /* ViewController.swift in Sources */,
				3795205727E358D700FFEB31 /* MovieDataViewCell.swift in Sources */,
				3712E8DB27E9CC800066BCB8 /* PulltoRefreshViewController.swift in Sources */,
				37BB7E9D27E0927B0030B132 /* SliderViewController.swift in Sources */,
				37B7D1852786BB0100E59101 /* AppDelegate.swift in Sources */,
				3772A4E827E8370E00BFA75D /* CollectionViewController.swift in Sources */,
				374D075827B2302600D4F2C6 /* ThirdViewController.swift in Sources */,
				37918E5827F44E24001F4E54 /* NavigationViewController.swift in Sources */,
				37918E5627F449FB001F4E54 /* FirstNavigationViewController.swift in Sources */,
				375AF13827EDBB3A006711A1 /* ToolBarViewController.swift in Sources */,
				3712E8DD27E9E38C0066BCB8 /* ImagePickerViewController.swift in Sources */,
				3795205527E3522900FFEB31 /* MovieData.swift in Sources */,
				37BB7E9F27E0BE8E0030B132 /* segmentViewController.swift in Sources */,
				37F9A97A27F1974D000CDEDA /* DatePickerViewController.swift in Sources */,
				37F9A97C27F1CD09000CDEDA /* MapViewController.swift in Sources */,
				37B7D1872786BB0100E59101 /* SceneDelegate.swift in Sources */,
				37CC01BD27EB113400424A42 /* ActivityIndicatorViewController.swift in Sources */,
				3795205327E3097300FFEB31 /* TableViewViewController.swift in Sources */,
				3772A4EA27E8513800BFA75D /* CollectionViewCell.swift in Sources */,
				379574F927F5A29D003D8DCF /* FirstVCCoordinator.swift in Sources */,
				379574F527F59CBD003D8DCF /* Coordinator.swift in Sources */,
				372EA05F27F6F3CD0041ADE7 /* MainVCCoordinator.swift in Sources */,
			);
			runOnlyForDeploymentPostprocessing = 0;
		};
		37B7D1932786BB0200E59101 /* Sources */ = {
			isa = PBXSourcesBuildPhase;
			buildActionMask = 2147483647;
			files = (
				37B7D19C2786BB0200E59101 /* IOS_AppTests.swift in Sources */,
			);
			runOnlyForDeploymentPostprocessing = 0;
		};
		37B7D19D2786BB0200E59101 /* Sources */ = {
			isa = PBXSourcesBuildPhase;
			buildActionMask = 2147483647;
			files = (
				37B7D1A82786BB0200E59101 /* IOS_AppUITestsLaunchTests.swift in Sources */,
				37B7D1A62786BB0200E59101 /* IOS_AppUITests.swift in Sources */,
			);
			runOnlyForDeploymentPostprocessing = 0;
		};
/* End PBXSourcesBuildPhase section */

/* Begin PBXTargetDependency section */
		37B7D1992786BB0200E59101 /* PBXTargetDependency */ = {
			isa = PBXTargetDependency;
			target = 37B7D1802786BB0100E59101 /* IOS App */;
			targetProxy = 37B7D1982786BB0200E59101 /* PBXContainerItemProxy */;
		};
		37B7D1A32786BB0200E59101 /* PBXTargetDependency */ = {
			isa = PBXTargetDependency;
			target = 37B7D1802786BB0100E59101 /* IOS App */;
			targetProxy = 37B7D1A22786BB0200E59101 /* PBXContainerItemProxy */;
		};
/* End PBXTargetDependency section */

/* Begin PBXVariantGroup section */
		37B7D18F2786BB0200E59101 /* LaunchScreen.storyboard */ = {
			isa = PBXVariantGroup;
			children = (
				37B7D1902786BB0200E59101 /* Base */,
			);
			name = LaunchScreen.storyboard;
			sourceTree = "<group>";
		};
/* End PBXVariantGroup section */

/* Begin XCBuildConfiguration section */
		37B7D1A92786BB0200E59101 /* Debug */ = {
			isa = XCBuildConfiguration;
			buildSettings = {
				ALWAYS_SEARCH_USER_PATHS = NO;
				CLANG_ANALYZER_NONNULL = YES;
				CLANG_ANALYZER_NUMBER_OBJECT_CONVERSION = YES_AGGRESSIVE;
				CLANG_CXX_LANGUAGE_STANDARD = "gnu++17";
				CLANG_CXX_LIBRARY = "libc++";
				CLANG_ENABLE_MODULES = YES;
				CLANG_ENABLE_OBJC_ARC = YES;
				CLANG_ENABLE_OBJC_WEAK = YES;
				CLANG_WARN_BLOCK_CAPTURE_AUTORELEASING = YES;
				CLANG_WARN_BOOL_CONVERSION = YES;
				CLANG_WARN_COMMA = YES;
				CLANG_WARN_CONSTANT_CONVERSION = YES;
				CLANG_WARN_DEPRECATED_OBJC_IMPLEMENTATIONS = YES;
				CLANG_WARN_DIRECT_OBJC_ISA_USAGE = YES_ERROR;
				CLANG_WARN_DOCUMENTATION_COMMENTS = YES;
				CLANG_WARN_EMPTY_BODY = YES;
				CLANG_WARN_ENUM_CONVERSION = YES;
				CLANG_WARN_INFINITE_RECURSION = YES;
				CLANG_WARN_INT_CONVERSION = YES;
				CLANG_WARN_NON_LITERAL_NULL_CONVERSION = YES;
				CLANG_WARN_OBJC_IMPLICIT_RETAIN_SELF = YES;
				CLANG_WARN_OBJC_LITERAL_CONVERSION = YES;
				CLANG_WARN_OBJC_ROOT_CLASS = YES_ERROR;
				CLANG_WARN_QUOTED_INCLUDE_IN_FRAMEWORK_HEADER = YES;
				CLANG_WARN_RANGE_LOOP_ANALYSIS = YES;
				CLANG_WARN_STRICT_PROTOTYPES = YES;
				CLANG_WARN_SUSPICIOUS_MOVE = YES;
				CLANG_WARN_UNGUARDED_AVAILABILITY = YES_AGGRESSIVE;
				CLANG_WARN_UNREACHABLE_CODE = YES;
				CLANG_WARN__DUPLICATE_METHOD_MATCH = YES;
				COPY_PHASE_STRIP = NO;
				DEBUG_INFORMATION_FORMAT = dwarf;
				ENABLE_STRICT_OBJC_MSGSEND = YES;
				ENABLE_TESTABILITY = YES;
				GCC_C_LANGUAGE_STANDARD = gnu11;
				GCC_DYNAMIC_NO_PIC = NO;
				GCC_NO_COMMON_BLOCKS = YES;
				GCC_OPTIMIZATION_LEVEL = 0;
				GCC_PREPROCESSOR_DEFINITIONS = (
					"DEBUG=1",
					"$(inherited)",
				);
				GCC_WARN_64_TO_32_BIT_CONVERSION = YES;
				GCC_WARN_ABOUT_RETURN_TYPE = YES_ERROR;
				GCC_WARN_UNDECLARED_SELECTOR = YES;
				GCC_WARN_UNINITIALIZED_AUTOS = YES_AGGRESSIVE;
				GCC_WARN_UNUSED_FUNCTION = YES;
				GCC_WARN_UNUSED_VARIABLE = YES;
				IPHONEOS_DEPLOYMENT_TARGET = 15.0;
				MTL_ENABLE_DEBUG_INFO = INCLUDE_SOURCE;
				MTL_FAST_MATH = YES;
				ONLY_ACTIVE_ARCH = YES;
				SDKROOT = iphoneos;
				SWIFT_ACTIVE_COMPILATION_CONDITIONS = DEBUG;
				SWIFT_OPTIMIZATION_LEVEL = "-Onone";
			};
			name = Debug;
		};
		37B7D1AA2786BB0200E59101 /* Release */ = {
			isa = XCBuildConfiguration;
			buildSettings = {
				ALWAYS_SEARCH_USER_PATHS = NO;
				CLANG_ANALYZER_NONNULL = YES;
				CLANG_ANALYZER_NUMBER_OBJECT_CONVERSION = YES_AGGRESSIVE;
				CLANG_CXX_LANGUAGE_STANDARD = "gnu++17";
				CLANG_CXX_LIBRARY = "libc++";
				CLANG_ENABLE_MODULES = YES;
				CLANG_ENABLE_OBJC_ARC = YES;
				CLANG_ENABLE_OBJC_WEAK = YES;
				CLANG_WARN_BLOCK_CAPTURE_AUTORELEASING = YES;
				CLANG_WARN_BOOL_CONVERSION = YES;
				CLANG_WARN_COMMA = YES;
				CLANG_WARN_CONSTANT_CONVERSION = YES;
				CLANG_WARN_DEPRECATED_OBJC_IMPLEMENTATIONS = YES;
				CLANG_WARN_DIRECT_OBJC_ISA_USAGE = YES_ERROR;
				CLANG_WARN_DOCUMENTATION_COMMENTS = YES;
				CLANG_WARN_EMPTY_BODY = YES;
				CLANG_WARN_ENUM_CONVERSION = YES;
				CLANG_WARN_INFINITE_RECURSION = YES;
				CLANG_WARN_INT_CONVERSION = YES;
				CLANG_WARN_NON_LITERAL_NULL_CONVERSION = YES;
				CLANG_WARN_OBJC_IMPLICIT_RETAIN_SELF = YES;
				CLANG_WARN_OBJC_LITERAL_CONVERSION = YES;
				CLANG_WARN_OBJC_ROOT_CLASS = YES_ERROR;
				CLANG_WARN_QUOTED_INCLUDE_IN_FRAMEWORK_HEADER = YES;
				CLANG_WARN_RANGE_LOOP_ANALYSIS = YES;
				CLANG_WARN_STRICT_PROTOTYPES = YES;
				CLANG_WARN_SUSPICIOUS_MOVE = YES;
				CLANG_WARN_UNGUARDED_AVAILABILITY = YES_AGGRESSIVE;
				CLANG_WARN_UNREACHABLE_CODE = YES;
				CLANG_WARN__DUPLICATE_METHOD_MATCH = YES;
				COPY_PHASE_STRIP = NO;
				DEBUG_INFORMATION_FORMAT = "dwarf-with-dsym";
				ENABLE_NS_ASSERTIONS = NO;
				ENABLE_STRICT_OBJC_MSGSEND = YES;
				GCC_C_LANGUAGE_STANDARD = gnu11;
				GCC_NO_COMMON_BLOCKS = YES;
				GCC_WARN_64_TO_32_BIT_CONVERSION = YES;
				GCC_WARN_ABOUT_RETURN_TYPE = YES_ERROR;
				GCC_WARN_UNDECLARED_SELECTOR = YES;
				GCC_WARN_UNINITIALIZED_AUTOS = YES_AGGRESSIVE;
				GCC_WARN_UNUSED_FUNCTION = YES;
				GCC_WARN_UNUSED_VARIABLE = YES;
				IPHONEOS_DEPLOYMENT_TARGET = 15.0;
				MTL_ENABLE_DEBUG_INFO = NO;
				MTL_FAST_MATH = YES;
				SDKROOT = iphoneos;
				SWIFT_COMPILATION_MODE = wholemodule;
				SWIFT_OPTIMIZATION_LEVEL = "-O";
				VALIDATE_PRODUCT = YES;
			};
			name = Release;
		};
		37B7D1AC2786BB0200E59101 /* Debug */ = {
			isa = XCBuildConfiguration;
			baseConfigurationReference = EE86EBF7B5EBEFD6816B5207 /* Pods-IOS App.debug.xcconfig */;
			buildSettings = {
				ASSETCATALOG_COMPILER_APPICON_NAME = AppIcon;
				ASSETCATALOG_COMPILER_GLOBAL_ACCENT_COLOR_NAME = AccentColor;
				CODE_SIGN_STYLE = Automatic;
				CURRENT_PROJECT_VERSION = 1;
				GENERATE_INFOPLIST_FILE = YES;
				INFOPLIST_FILE = "IOS App/Info.plist";
				INFOPLIST_KEY_UIApplicationSupportsIndirectInputEvents = YES;
				INFOPLIST_KEY_UILaunchStoryboardName = LaunchScreen;
				INFOPLIST_KEY_UIMainStoryboardFile = Main;
				INFOPLIST_KEY_UISupportedInterfaceOrientations_iPad = "UIInterfaceOrientationPortrait UIInterfaceOrientationPortraitUpsideDown UIInterfaceOrientationLandscapeLeft UIInterfaceOrientationLandscapeRight";
				INFOPLIST_KEY_UISupportedInterfaceOrientations_iPhone = "UIInterfaceOrientationPortrait UIInterfaceOrientationLandscapeLeft UIInterfaceOrientationLandscapeRight";
				LD_RUNPATH_SEARCH_PATHS = (
					"$(inherited)",
					"@executable_path/Frameworks",
				);
				MARKETING_VERSION = 1.0;
				PRODUCT_BUNDLE_IDENTIFIER = "Demo-app.IOS-App";
				PRODUCT_NAME = "$(TARGET_NAME)";
				SWIFT_EMIT_LOC_STRINGS = YES;
				SWIFT_VERSION = 5.0;
				TARGETED_DEVICE_FAMILY = "1,2";
			};
			name = Debug;
		};
		37B7D1AD2786BB0200E59101 /* Release */ = {
			isa = XCBuildConfiguration;
			baseConfigurationReference = 8BD38E454EFF55056985253C /* Pods-IOS App.release.xcconfig */;
			buildSettings = {
				ASSETCATALOG_COMPILER_APPICON_NAME = AppIcon;
				ASSETCATALOG_COMPILER_GLOBAL_ACCENT_COLOR_NAME = AccentColor;
				CODE_SIGN_STYLE = Automatic;
				CURRENT_PROJECT_VERSION = 1;
				GENERATE_INFOPLIST_FILE = YES;
				INFOPLIST_FILE = "IOS App/Info.plist";
				INFOPLIST_KEY_UIApplicationSupportsIndirectInputEvents = YES;
				INFOPLIST_KEY_UILaunchStoryboardName = LaunchScreen;
				INFOPLIST_KEY_UIMainStoryboardFile = Main;
				INFOPLIST_KEY_UISupportedInterfaceOrientations_iPad = "UIInterfaceOrientationPortrait UIInterfaceOrientationPortraitUpsideDown UIInterfaceOrientationLandscapeLeft UIInterfaceOrientationLandscapeRight";
				INFOPLIST_KEY_UISupportedInterfaceOrientations_iPhone = "UIInterfaceOrientationPortrait UIInterfaceOrientationLandscapeLeft UIInterfaceOrientationLandscapeRight";
				LD_RUNPATH_SEARCH_PATHS = (
					"$(inherited)",
					"@executable_path/Frameworks",
				);
				MARKETING_VERSION = 1.0;
				PRODUCT_BUNDLE_IDENTIFIER = "Demo-app.IOS-App";
				PRODUCT_NAME = "$(TARGET_NAME)";
				SWIFT_EMIT_LOC_STRINGS = YES;
				SWIFT_VERSION = 5.0;
				TARGETED_DEVICE_FAMILY = "1,2";
			};
			name = Release;
		};
		37B7D1AF2786BB0200E59101 /* Debug */ = {
			isa = XCBuildConfiguration;
			baseConfigurationReference = 23BCF034571F8DDCA2767DB1 /* Pods-IOS AppTests.debug.xcconfig */;
			buildSettings = {
				ALWAYS_EMBED_SWIFT_STANDARD_LIBRARIES = YES;
				BUNDLE_LOADER = "$(TEST_HOST)";
				CODE_SIGN_STYLE = Automatic;
				CURRENT_PROJECT_VERSION = 1;
				GENERATE_INFOPLIST_FILE = YES;
				IPHONEOS_DEPLOYMENT_TARGET = 15.0;
				LD_RUNPATH_SEARCH_PATHS = (
					"$(inherited)",
					"@executable_path/Frameworks",
					"@loader_path/Frameworks",
				);
				MARKETING_VERSION = 1.0;
				PRODUCT_BUNDLE_IDENTIFIER = "Demo-app.IOS-AppTests";
				PRODUCT_NAME = "$(TARGET_NAME)";
				SWIFT_EMIT_LOC_STRINGS = NO;
				SWIFT_VERSION = 5.0;
				TARGETED_DEVICE_FAMILY = "1,2";
				TEST_HOST = "$(BUILT_PRODUCTS_DIR)/IOS App.app/IOS App";
			};
			name = Debug;
		};
		37B7D1B02786BB0200E59101 /* Release */ = {
			isa = XCBuildConfiguration;
			baseConfigurationReference = CD205232BDD098C8F7E658D3 /* Pods-IOS AppTests.release.xcconfig */;
			buildSettings = {
				ALWAYS_EMBED_SWIFT_STANDARD_LIBRARIES = YES;
				BUNDLE_LOADER = "$(TEST_HOST)";
				CODE_SIGN_STYLE = Automatic;
				CURRENT_PROJECT_VERSION = 1;
				GENERATE_INFOPLIST_FILE = YES;
				IPHONEOS_DEPLOYMENT_TARGET = 15.0;
				LD_RUNPATH_SEARCH_PATHS = (
					"$(inherited)",
					"@executable_path/Frameworks",
					"@loader_path/Frameworks",
				);
				MARKETING_VERSION = 1.0;
				PRODUCT_BUNDLE_IDENTIFIER = "Demo-app.IOS-AppTests";
				PRODUCT_NAME = "$(TARGET_NAME)";
				SWIFT_EMIT_LOC_STRINGS = NO;
				SWIFT_VERSION = 5.0;
				TARGETED_DEVICE_FAMILY = "1,2";
				TEST_HOST = "$(BUILT_PRODUCTS_DIR)/IOS App.app/IOS App";
			};
			name = Release;
		};
		37B7D1B22786BB0200E59101 /* Debug */ = {
			isa = XCBuildConfiguration;
			baseConfigurationReference = 40F3065617F4018C00952D77 /* Pods-IOS App-IOS AppUITests.debug.xcconfig */;
			buildSettings = {
				ALWAYS_EMBED_SWIFT_STANDARD_LIBRARIES = YES;
				CODE_SIGN_STYLE = Automatic;
				CURRENT_PROJECT_VERSION = 1;
				GENERATE_INFOPLIST_FILE = YES;
				LD_RUNPATH_SEARCH_PATHS = (
					"$(inherited)",
					"@executable_path/Frameworks",
					"@loader_path/Frameworks",
				);
				MARKETING_VERSION = 1.0;
				PRODUCT_BUNDLE_IDENTIFIER = "Demo-app.IOS-AppUITests";
				PRODUCT_NAME = "$(TARGET_NAME)";
				SWIFT_EMIT_LOC_STRINGS = NO;
				SWIFT_VERSION = 5.0;
				TARGETED_DEVICE_FAMILY = "1,2";
				TEST_TARGET_NAME = "IOS App";
			};
			name = Debug;
		};
		37B7D1B32786BB0200E59101 /* Release */ = {
			isa = XCBuildConfiguration;
			baseConfigurationReference = 84968E7065F8A8D456FBC112 /* Pods-IOS App-IOS AppUITests.release.xcconfig */;
			buildSettings = {
				ALWAYS_EMBED_SWIFT_STANDARD_LIBRARIES = YES;
				CODE_SIGN_STYLE = Automatic;
				CURRENT_PROJECT_VERSION = 1;
				GENERATE_INFOPLIST_FILE = YES;
				LD_RUNPATH_SEARCH_PATHS = (
					"$(inherited)",
					"@executable_path/Frameworks",
					"@loader_path/Frameworks",
				);
				MARKETING_VERSION = 1.0;
				PRODUCT_BUNDLE_IDENTIFIER = "Demo-app.IOS-AppUITests";
				PRODUCT_NAME = "$(TARGET_NAME)";
				SWIFT_EMIT_LOC_STRINGS = NO;
				SWIFT_VERSION = 5.0;
				TARGETED_DEVICE_FAMILY = "1,2";
				TEST_TARGET_NAME = "IOS App";
			};
			name = Release;
		};
/* End XCBuildConfiguration section */

/* Begin XCConfigurationList section */
		37B7D17C2786BB0100E59101 /* Build configuration list for PBXProject "IOS App" */ = {
			isa = XCConfigurationList;
			buildConfigurations = (
				37B7D1A92786BB0200E59101 /* Debug */,
				37B7D1AA2786BB0200E59101 /* Release */,
			);
			defaultConfigurationIsVisible = 0;
			defaultConfigurationName = Release;
		};
		37B7D1AB2786BB0200E59101 /* Build configuration list for PBXNativeTarget "IOS App" */ = {
			isa = XCConfigurationList;
			buildConfigurations = (
				37B7D1AC2786BB0200E59101 /* Debug */,
				37B7D1AD2786BB0200E59101 /* Release */,
			);
			defaultConfigurationIsVisible = 0;
			defaultConfigurationName = Release;
		};
		37B7D1AE2786BB0200E59101 /* Build configuration list for PBXNativeTarget "IOS AppTests" */ = {
			isa = XCConfigurationList;
			buildConfigurations = (
				37B7D1AF2786BB0200E59101 /* Debug */,
				37B7D1B02786BB0200E59101 /* Release */,
			);
			defaultConfigurationIsVisible = 0;
			defaultConfigurationName = Release;
		};
		37B7D1B12786BB0200E59101 /* Build configuration list for PBXNativeTarget "IOS AppUITests" */ = {
			isa = XCConfigurationList;
			buildConfigurations = (
				37B7D1B22786BB0200E59101 /* Debug */,
				37B7D1B32786BB0200E59101 /* Release */,
			);
			defaultConfigurationIsVisible = 0;
			defaultConfigurationName = Release;
		};
/* End XCConfigurationList section */
	};
	rootObject = 37B7D1792786BB0100E59101 /* Project object */;
}
